
Microsoft Visual Studio Solution File, Format Version 12.00
# Visual Studio 15
VisualStudioVersion = 15.0.28010.2003
MinimumVisualStudioVersion = 10.0.40219.1
Project("{FAE04EC0-301F-11D3-BF4B-00C04F79EFBC}") = "Blog", "Blog\Blog.csproj", "{40EBF35F-F3CC-4D90-8FB6-F6326955E2CB}"
EndProject
Global
	GlobalSection(SolutionConfigurationPlatforms) = preSolution
		Debug|Any CPU = Debug|Any CPU
		Release|Any CPU = Release|Any CPU
	EndGlobalSection
	GlobalSection(ProjectConfigurationPlatforms) = postSolution
		{40EBF35F-F3CC-4D90-8FB6-F6326955E2CB}.Debug|Any CPU.ActiveCfg = Debug|Any CPU
		{40EBF35F-F3CC-4D90-8FB6-F6326955E2CB}.Debug|Any CPU.Build.0 = Debug|Any CPU
		{40EBF35F-F3CC-4D90-8FB6-F6326955E2CB}.Release|Any CPU.ActiveCfg = Release|Any CPU
		{40EBF35F-F3CC-4D90-8FB6-F6326955E2CB}.Release|Any CPU.Build.0 = Release|Any CPU
	EndGlobalSection
	GlobalSection(SolutionProperties) = preSolution
		HideSolutionNode = FALSE
	EndGlobalSection
	GlobalSection(ExtensibilityGlobals) = postSolution
		SolutionGuid = {2A3E68E4-F58B-44C3-9057-D83E3F8B9460}
	EndGlobalSection
EndGlobal
