
Microsoft Visual Studio Solution File, Format Version 12.00
# Visual Studio 15
VisualStudioVersion = 15.0.28307.136
MinimumVisualStudioVersion = 10.0.40219.1
Project("{FAE04EC0-301F-11D3-BF4B-00C04F79EFBC}") = "01.ClubParty", "01.ClubParty\01.ClubParty.csproj", "{8DE832BE-18EC-42DF-8F82-A697ECCB40E2}"
EndProject
Project("{FAE04EC0-301F-11D3-BF4B-00C04F79EFBC}") = "Heroes", "Heroes\Heroes.csproj", "{32B26952-EE0A-46B6-AD87-D577252821E9}"
EndProject
Project("{FAE04EC0-301F-11D3-BF4B-00C04F79EFBC}") = "02.TronRacers", "02.TronRacers\02.TronRacers.csproj", "{DFE1A9E0-DA27-4A37-8356-C77FF905E139}"
EndProject
Global
	GlobalSection(SolutionConfigurationPlatforms) = preSolution
		Debug|Any CPU = Debug|Any CPU
		Release|Any CPU = Release|Any CPU
	EndGlobalSection
	GlobalSection(ProjectConfigurationPlatforms) = postSolution
		{8DE832BE-18EC-42DF-8F82-A697ECCB40E2}.Debug|Any CPU.ActiveCfg = Debug|Any CPU
		{8DE832BE-18EC-42DF-8F82-A697ECCB40E2}.Debug|Any CPU.Build.0 = Debug|Any CPU
		{8DE832BE-18EC-42DF-8F82-A697ECCB40E2}.Release|Any CPU.ActiveCfg = Release|Any CPU
		{8DE832BE-18EC-42DF-8F82-A697ECCB40E2}.Release|Any CPU.Build.0 = Release|Any CPU
		{32B26952-EE0A-46B6-AD87-D577252821E9}.Debug|Any CPU.ActiveCfg = Debug|Any CPU
		{32B26952-EE0A-46B6-AD87-D577252821E9}.Debug|Any CPU.Build.0 = Debug|Any CPU
		{32B26952-EE0A-46B6-AD87-D577252821E9}.Release|Any CPU.ActiveCfg = Release|Any CPU
		{32B26952-EE0A-46B6-AD87-D577252821E9}.Release|Any CPU.Build.0 = Release|Any CPU
		{DFE1A9E0-DA27-4A37-8356-C77FF905E139}.Debug|Any CPU.ActiveCfg = Debug|Any CPU
		{DFE1A9E0-DA27-4A37-8356-C77FF905E139}.Debug|Any CPU.Build.0 = Debug|Any CPU
		{DFE1A9E0-DA27-4A37-8356-C77FF905E139}.Release|Any CPU.ActiveCfg = Release|Any CPU
		{DFE1A9E0-DA27-4A37-8356-C77FF905E139}.Release|Any CPU.Build.0 = Release|Any CPU
	EndGlobalSection
	GlobalSection(SolutionProperties) = preSolution
		HideSolutionNode = FALSE
	EndGlobalSection
	GlobalSection(ExtensibilityGlobals) = postSolution
		SolutionGuid = {98A7D453-FCA4-41F8-BB98-8339D2F3802F}
	EndGlobalSection
EndGlobal
