
Microsoft Visual Studio Solution File, Format Version 12.00
# Visual Studio 15
VisualStudioVersion = 15.0.28010.2003
MinimumVisualStudioVersion = 10.0.40219.1
Project("{9A19103F-16F7-4668-BE54-9A1E7A4F7556}") = "1.SortPersonsByNameAndAge", "1.SortPersonsByNameAndAge\1.SortPersonsByNameAndAge.csproj", "{8C551710-2320-4762-8EAB-771D4BB6C53C}"
EndProject
Project("{9A19103F-16F7-4668-BE54-9A1E7A4F7556}") = "01.ClassBox", "01.ClassBox\01.ClassBox.csproj", "{681A85BE-EA6E-4DA0-B897-26CA0DCF963C}"
EndProject
Project("{FAE04EC0-301F-11D3-BF4B-00C04F79EFBC}") = "04ShoppingSpree", "04ShoppingSpree\04ShoppingSpree.csproj", "{90FABF5C-0AD1-4BA9-854A-6F600463019C}"
EndProject
Project("{FAE04EC0-301F-11D3-BF4B-00C04F79EFBC}") = "05.PizzaCalories", "05.PizzaCalories\05.PizzaCalories.csproj", "{5AD95F0D-A07F-44E0-AAE8-4C25C454C67F}"
EndProject
Project("{FAE04EC0-301F-11D3-BF4B-00C04F79EFBC}") = "06.FootballTeamGenerator", "06.FootballTeamGenerator\06.FootballTeamGenerator.csproj", "{82192280-55E5-4D42-B24A-132A9BAC6276}"
EndProject
Global
	GlobalSection(SolutionConfigurationPlatforms) = preSolution
		Debug|Any CPU = Debug|Any CPU
		Release|Any CPU = Release|Any CPU
	EndGlobalSection
	GlobalSection(ProjectConfigurationPlatforms) = postSolution
		{8C551710-2320-4762-8EAB-771D4BB6C53C}.Debug|Any CPU.ActiveCfg = Debug|Any CPU
		{8C551710-2320-4762-8EAB-771D4BB6C53C}.Debug|Any CPU.Build.0 = Debug|Any CPU
		{8C551710-2320-4762-8EAB-771D4BB6C53C}.Release|Any CPU.ActiveCfg = Release|Any CPU
		{8C551710-2320-4762-8EAB-771D4BB6C53C}.Release|Any CPU.Build.0 = Release|Any CPU
		{681A85BE-EA6E-4DA0-B897-26CA0DCF963C}.Debug|Any CPU.ActiveCfg = Debug|Any CPU
		{681A85BE-EA6E-4DA0-B897-26CA0DCF963C}.Debug|Any CPU.Build.0 = Debug|Any CPU
		{681A85BE-EA6E-4DA0-B897-26CA0DCF963C}.Release|Any CPU.ActiveCfg = Release|Any CPU
		{681A85BE-EA6E-4DA0-B897-26CA0DCF963C}.Release|Any CPU.Build.0 = Release|Any CPU
		{90FABF5C-0AD1-4BA9-854A-6F600463019C}.Debug|Any CPU.ActiveCfg = Debug|Any CPU
		{90FABF5C-0AD1-4BA9-854A-6F600463019C}.Debug|Any CPU.Build.0 = Debug|Any CPU
		{90FABF5C-0AD1-4BA9-854A-6F600463019C}.Release|Any CPU.ActiveCfg = Release|Any CPU
		{90FABF5C-0AD1-4BA9-854A-6F600463019C}.Release|Any CPU.Build.0 = Release|Any CPU
		{5AD95F0D-A07F-44E0-AAE8-4C25C454C67F}.Debug|Any CPU.ActiveCfg = Debug|Any CPU
		{5AD95F0D-A07F-44E0-AAE8-4C25C454C67F}.Debug|Any CPU.Build.0 = Debug|Any CPU
		{5AD95F0D-A07F-44E0-AAE8-4C25C454C67F}.Release|Any CPU.ActiveCfg = Release|Any CPU
		{5AD95F0D-A07F-44E0-AAE8-4C25C454C67F}.Release|Any CPU.Build.0 = Release|Any CPU
		{82192280-55E5-4D42-B24A-132A9BAC6276}.Debug|Any CPU.ActiveCfg = Debug|Any CPU
		{82192280-55E5-4D42-B24A-132A9BAC6276}.Debug|Any CPU.Build.0 = Debug|Any CPU
		{82192280-55E5-4D42-B24A-132A9BAC6276}.Release|Any CPU.ActiveCfg = Release|Any CPU
		{82192280-55E5-4D42-B24A-132A9BAC6276}.Release|Any CPU.Build.0 = Release|Any CPU
	EndGlobalSection
	GlobalSection(SolutionProperties) = preSolution
		HideSolutionNode = FALSE
	EndGlobalSection
	GlobalSection(ExtensibilityGlobals) = postSolution
		SolutionGuid = {D1F3C443-3442-4BBE-B48B-A9F710650202}
	EndGlobalSection
EndGlobal
