
Microsoft Visual Studio Solution File, Format Version 12.00
# Visual Studio 15
VisualStudioVersion = 15.0.28307.136
MinimumVisualStudioVersion = 10.0.40219.1
Project("{FAE04EC0-301F-11D3-BF4B-00C04F79EFBC}") = "P03_SalesDatabase", "P03_SalesDatabase\P03_SalesDatabase.csproj", "{0147E2B7-4B54-43D2-87FF-81DCE35E94D0}"
EndProject
Project("{FAE04EC0-301F-11D3-BF4B-00C04F79EFBC}") = "P03_SalesDatabase.Data", "P03_SalesDatabase.Data\P03_SalesDatabase.Data.csproj", "{6AE8999F-9DFB-4557-9A96-62B3D958506D}"
EndProject
Project("{FAE04EC0-301F-11D3-BF4B-00C04F79EFBC}") = "P03_SalesDatabase.Data.Models", "P03_SalesDatabase.Data.Models\P03_SalesDatabase.Data.Models.csproj", "{0D62E7C2-9E60-4B2A-B460-4FC8410C0EFC}"
EndProject
Global
	GlobalSection(SolutionConfigurationPlatforms) = preSolution
		Debug|Any CPU = Debug|Any CPU
		Release|Any CPU = Release|Any CPU
	EndGlobalSection
	GlobalSection(ProjectConfigurationPlatforms) = postSolution
		{0147E2B7-4B54-43D2-87FF-81DCE35E94D0}.Debug|Any CPU.ActiveCfg = Debug|Any CPU
		{0147E2B7-4B54-43D2-87FF-81DCE35E94D0}.Debug|Any CPU.Build.0 = Debug|Any CPU
		{0147E2B7-4B54-43D2-87FF-81DCE35E94D0}.Release|Any CPU.ActiveCfg = Release|Any CPU
		{0147E2B7-4B54-43D2-87FF-81DCE35E94D0}.Release|Any CPU.Build.0 = Release|Any CPU
		{6AE8999F-9DFB-4557-9A96-62B3D958506D}.Debug|Any CPU.ActiveCfg = Debug|Any CPU
		{6AE8999F-9DFB-4557-9A96-62B3D958506D}.Debug|Any CPU.Build.0 = Debug|Any CPU
		{6AE8999F-9DFB-4557-9A96-62B3D958506D}.Release|Any CPU.ActiveCfg = Release|Any CPU
		{6AE8999F-9DFB-4557-9A96-62B3D958506D}.Release|Any CPU.Build.0 = Release|Any CPU
		{0D62E7C2-9E60-4B2A-B460-4FC8410C0EFC}.Debug|Any CPU.ActiveCfg = Debug|Any CPU
		{0D62E7C2-9E60-4B2A-B460-4FC8410C0EFC}.Debug|Any CPU.Build.0 = Debug|Any CPU
		{0D62E7C2-9E60-4B2A-B460-4FC8410C0EFC}.Release|Any CPU.ActiveCfg = Release|Any CPU
		{0D62E7C2-9E60-4B2A-B460-4FC8410C0EFC}.Release|Any CPU.Build.0 = Release|Any CPU
	EndGlobalSection
	GlobalSection(SolutionProperties) = preSolution
		HideSolutionNode = FALSE
	EndGlobalSection
	GlobalSection(ExtensibilityGlobals) = postSolution
		SolutionGuid = {887A83BF-3D3F-42A6-B707-EEDFAD54E769}
	EndGlobalSection
EndGlobal
