
Microsoft Visual Studio Solution File, Format Version 12.00
# Visual Studio 15
VisualStudioVersion = 15.0.28010.2003
MinimumVisualStudioVersion = 10.0.40219.1
Project("{9A19103F-16F7-4668-BE54-9A1E7A4F7556}") = "GrandPrix", "ConsoleApp1\GrandPrix.csproj", "{4AFA5768-17C6-4C0D-928E-43E9BD189A42}"
EndProject
Global
	GlobalSection(SolutionConfigurationPlatforms) = preSolution
		Debug|Any CPU = Debug|Any CPU
		Release|Any CPU = Release|Any CPU
	EndGlobalSection
	GlobalSection(ProjectConfigurationPlatforms) = postSolution
		{4AFA5768-17C6-4C0D-928E-43E9BD189A42}.Debug|Any CPU.ActiveCfg = Debug|Any CPU
		{4AFA5768-17C6-4C0D-928E-43E9BD189A42}.Debug|Any CPU.Build.0 = Debug|Any CPU
		{4AFA5768-17C6-4C0D-928E-43E9BD189A42}.Release|Any CPU.ActiveCfg = Release|Any CPU
		{4AFA5768-17C6-4C0D-928E-43E9BD189A42}.Release|Any CPU.Build.0 = Release|Any CPU
	EndGlobalSection
	GlobalSection(SolutionProperties) = preSolution
		HideSolutionNode = FALSE
	EndGlobalSection
	GlobalSection(ExtensibilityGlobals) = postSolution
		SolutionGuid = {B798F824-117F-45C3-B05D-77709E26D7EC}
	EndGlobalSection
EndGlobal
