
Microsoft Visual Studio Solution File, Format Version 12.00
# Visual Studio 15
VisualStudioVersion = 15.0.28010.2003
MinimumVisualStudioVersion = 10.0.40219.1
Project("{FAE04EC0-301F-11D3-BF4B-00C04F79EFBC}") = "LoggerTask", "LoggerTask\LoggerTask.csproj", "{F81B4E36-65BB-44C1-83A5-DC56C72A5742}"
EndProject
Global
	GlobalSection(SolutionConfigurationPlatforms) = preSolution
		Debug|Any CPU = Debug|Any CPU
		Release|Any CPU = Release|Any CPU
	EndGlobalSection
	GlobalSection(ProjectConfigurationPlatforms) = postSolution
		{F81B4E36-65BB-44C1-83A5-DC56C72A5742}.Debug|Any CPU.ActiveCfg = Debug|Any CPU
		{F81B4E36-65BB-44C1-83A5-DC56C72A5742}.Debug|Any CPU.Build.0 = Debug|Any CPU
		{F81B4E36-65BB-44C1-83A5-DC56C72A5742}.Release|Any CPU.ActiveCfg = Release|Any CPU
		{F81B4E36-65BB-44C1-83A5-DC56C72A5742}.Release|Any CPU.Build.0 = Release|Any CPU
	EndGlobalSection
	GlobalSection(SolutionProperties) = preSolution
		HideSolutionNode = FALSE
	EndGlobalSection
	GlobalSection(ExtensibilityGlobals) = postSolution
		SolutionGuid = {3BFAC9A6-D268-4AA3-934B-3B57A385CCCC}
	EndGlobalSection
EndGlobal
