
Microsoft Visual Studio Solution File, Format Version 12.00
# Visual Studio 15
VisualStudioVersion = 15.0.27428.2043
MinimumVisualStudioVersion = 10.0.40219.1
Project("{9A19103F-16F7-4668-BE54-9A1E7A4F7556}") = "1. Read File", "1. Read File\1. Read File.csproj", "{9DCBE1DC-19BB-44EC-A905-C7D3EA1C35E1}"
EndProject
Project("{9A19103F-16F7-4668-BE54-9A1E7A4F7556}") = "2. Writing text to file", "2. Writing text to file\2. Writing text to file.csproj", "{CED50491-E7C0-463E-8E52-97EBE86EBE4C}"
EndProject
Project("{9A19103F-16F7-4668-BE54-9A1E7A4F7556}") = "3. Copying File", "3. Copying File\3. Copying File.csproj", "{2D50BF31-9DAF-4766-864D-D266BF642CC8}"
EndProject
Project("{9A19103F-16F7-4668-BE54-9A1E7A4F7556}") = "1. Odd Lines", "1. Odd Lines\1. Odd Lines.csproj", "{24064ADB-762D-4690-9335-0B2FD3E9F09A}"
EndProject
Project("{9A19103F-16F7-4668-BE54-9A1E7A4F7556}") = "2. Line Numbers", "2. Line Numbers\2. Line Numbers.csproj", "{ED651282-AFD2-458A-AB2B-833E270B12E1}"
EndProject
Project("{9A19103F-16F7-4668-BE54-9A1E7A4F7556}") = "3. Words Count", "3. Words Count\3. Words Count.csproj", "{6E17BFDD-9FC9-4A72-8091-6B43B3E14B55}"
EndProject
Project("{9A19103F-16F7-4668-BE54-9A1E7A4F7556}") = "4. Copy Binary file", "4. Copy Binary file\4. Copy Binary file.csproj", "{F5D909FB-6912-4D73-88AB-7168419F435C}"
EndProject
Project("{9A19103F-16F7-4668-BE54-9A1E7A4F7556}") = "5. Slicing File", "5. Slicing File\5. Slicing File.csproj", "{95E87581-ADB7-49CA-8F7E-F453779FFCBE}"
EndProject
Project("{9A19103F-16F7-4668-BE54-9A1E7A4F7556}") = "6. Zipping Sliced Files", "6. Zipping Sliced Files\6. Zipping Sliced Files.csproj", "{B0F1FE7C-6B3B-45EB-85DC-5808CB849A86}"
EndProject
Project("{9A19103F-16F7-4668-BE54-9A1E7A4F7556}") = "7.  Directory Traversal", "7.  Directory Traversal\7.  Directory Traversal.csproj", "{9A3E18BC-BFDD-4E52-B88C-2377EBD54C91}"
EndProject
Project("{9A19103F-16F7-4668-BE54-9A1E7A4F7556}") = "8. Full Directory Traversal", "8. Full Directory Traversal\8. Full Directory Traversal.csproj", "{74C1F286-82E2-44E2-B4ED-13D1A2022B84}"
EndProject
Project("{FAE04EC0-301F-11D3-BF4B-00C04F79EFBC}") = "9. HTTP Server", "9. HTTP Server\9. HTTP Server.csproj", "{6BDB6292-A21B-4510-B8FC-9AB4749651E6}"
EndProject
Global
	GlobalSection(SolutionConfigurationPlatforms) = preSolution
		Debug|Any CPU = Debug|Any CPU
		Release|Any CPU = Release|Any CPU
	EndGlobalSection
	GlobalSection(ProjectConfigurationPlatforms) = postSolution
		{9DCBE1DC-19BB-44EC-A905-C7D3EA1C35E1}.Debug|Any CPU.ActiveCfg = Debug|Any CPU
		{9DCBE1DC-19BB-44EC-A905-C7D3EA1C35E1}.Debug|Any CPU.Build.0 = Debug|Any CPU
		{9DCBE1DC-19BB-44EC-A905-C7D3EA1C35E1}.Release|Any CPU.ActiveCfg = Release|Any CPU
		{9DCBE1DC-19BB-44EC-A905-C7D3EA1C35E1}.Release|Any CPU.Build.0 = Release|Any CPU
		{CED50491-E7C0-463E-8E52-97EBE86EBE4C}.Debug|Any CPU.ActiveCfg = Debug|Any CPU
		{CED50491-E7C0-463E-8E52-97EBE86EBE4C}.Debug|Any CPU.Build.0 = Debug|Any CPU
		{CED50491-E7C0-463E-8E52-97EBE86EBE4C}.Release|Any CPU.ActiveCfg = Release|Any CPU
		{CED50491-E7C0-463E-8E52-97EBE86EBE4C}.Release|Any CPU.Build.0 = Release|Any CPU
		{2D50BF31-9DAF-4766-864D-D266BF642CC8}.Debug|Any CPU.ActiveCfg = Debug|Any CPU
		{2D50BF31-9DAF-4766-864D-D266BF642CC8}.Debug|Any CPU.Build.0 = Debug|Any CPU
		{2D50BF31-9DAF-4766-864D-D266BF642CC8}.Release|Any CPU.ActiveCfg = Release|Any CPU
		{2D50BF31-9DAF-4766-864D-D266BF642CC8}.Release|Any CPU.Build.0 = Release|Any CPU
		{24064ADB-762D-4690-9335-0B2FD3E9F09A}.Debug|Any CPU.ActiveCfg = Debug|Any CPU
		{24064ADB-762D-4690-9335-0B2FD3E9F09A}.Debug|Any CPU.Build.0 = Debug|Any CPU
		{24064ADB-762D-4690-9335-0B2FD3E9F09A}.Release|Any CPU.ActiveCfg = Release|Any CPU
		{24064ADB-762D-4690-9335-0B2FD3E9F09A}.Release|Any CPU.Build.0 = Release|Any CPU
		{ED651282-AFD2-458A-AB2B-833E270B12E1}.Debug|Any CPU.ActiveCfg = Debug|Any CPU
		{ED651282-AFD2-458A-AB2B-833E270B12E1}.Debug|Any CPU.Build.0 = Debug|Any CPU
		{ED651282-AFD2-458A-AB2B-833E270B12E1}.Release|Any CPU.ActiveCfg = Release|Any CPU
		{ED651282-AFD2-458A-AB2B-833E270B12E1}.Release|Any CPU.Build.0 = Release|Any CPU
		{6E17BFDD-9FC9-4A72-8091-6B43B3E14B55}.Debug|Any CPU.ActiveCfg = Debug|Any CPU
		{6E17BFDD-9FC9-4A72-8091-6B43B3E14B55}.Debug|Any CPU.Build.0 = Debug|Any CPU
		{6E17BFDD-9FC9-4A72-8091-6B43B3E14B55}.Release|Any CPU.ActiveCfg = Release|Any CPU
		{6E17BFDD-9FC9-4A72-8091-6B43B3E14B55}.Release|Any CPU.Build.0 = Release|Any CPU
		{F5D909FB-6912-4D73-88AB-7168419F435C}.Debug|Any CPU.ActiveCfg = Debug|Any CPU
		{F5D909FB-6912-4D73-88AB-7168419F435C}.Debug|Any CPU.Build.0 = Debug|Any CPU
		{F5D909FB-6912-4D73-88AB-7168419F435C}.Release|Any CPU.ActiveCfg = Release|Any CPU
		{F5D909FB-6912-4D73-88AB-7168419F435C}.Release|Any CPU.Build.0 = Release|Any CPU
		{95E87581-ADB7-49CA-8F7E-F453779FFCBE}.Debug|Any CPU.ActiveCfg = Debug|Any CPU
		{95E87581-ADB7-49CA-8F7E-F453779FFCBE}.Debug|Any CPU.Build.0 = Debug|Any CPU
		{95E87581-ADB7-49CA-8F7E-F453779FFCBE}.Release|Any CPU.ActiveCfg = Release|Any CPU
		{95E87581-ADB7-49CA-8F7E-F453779FFCBE}.Release|Any CPU.Build.0 = Release|Any CPU
		{B0F1FE7C-6B3B-45EB-85DC-5808CB849A86}.Debug|Any CPU.ActiveCfg = Debug|Any CPU
		{B0F1FE7C-6B3B-45EB-85DC-5808CB849A86}.Debug|Any CPU.Build.0 = Debug|Any CPU
		{B0F1FE7C-6B3B-45EB-85DC-5808CB849A86}.Release|Any CPU.ActiveCfg = Release|Any CPU
		{B0F1FE7C-6B3B-45EB-85DC-5808CB849A86}.Release|Any CPU.Build.0 = Release|Any CPU
		{9A3E18BC-BFDD-4E52-B88C-2377EBD54C91}.Debug|Any CPU.ActiveCfg = Debug|Any CPU
		{9A3E18BC-BFDD-4E52-B88C-2377EBD54C91}.Debug|Any CPU.Build.0 = Debug|Any CPU
		{9A3E18BC-BFDD-4E52-B88C-2377EBD54C91}.Release|Any CPU.ActiveCfg = Release|Any CPU
		{9A3E18BC-BFDD-4E52-B88C-2377EBD54C91}.Release|Any CPU.Build.0 = Release|Any CPU
		{74C1F286-82E2-44E2-B4ED-13D1A2022B84}.Debug|Any CPU.ActiveCfg = Debug|Any CPU
		{74C1F286-82E2-44E2-B4ED-13D1A2022B84}.Debug|Any CPU.Build.0 = Debug|Any CPU
		{74C1F286-82E2-44E2-B4ED-13D1A2022B84}.Release|Any CPU.ActiveCfg = Release|Any CPU
		{74C1F286-82E2-44E2-B4ED-13D1A2022B84}.Release|Any CPU.Build.0 = Release|Any CPU
		{6BDB6292-A21B-4510-B8FC-9AB4749651E6}.Debug|Any CPU.ActiveCfg = Debug|Any CPU
		{6BDB6292-A21B-4510-B8FC-9AB4749651E6}.Debug|Any CPU.Build.0 = Debug|Any CPU
		{6BDB6292-A21B-4510-B8FC-9AB4749651E6}.Release|Any CPU.ActiveCfg = Release|Any CPU
		{6BDB6292-A21B-4510-B8FC-9AB4749651E6}.Release|Any CPU.Build.0 = Release|Any CPU
	EndGlobalSection
	GlobalSection(SolutionProperties) = preSolution
		HideSolutionNode = FALSE
	EndGlobalSection
	GlobalSection(ExtensibilityGlobals) = postSolution
		SolutionGuid = {FFFF6F9D-5BB1-4E37-941D-9EFFBA040E2A}
	EndGlobalSection
EndGlobal
