
Microsoft Visual Studio Solution File, Format Version 12.00
# Visual Studio 15
VisualStudioVersion = 15.0.27428.2043
MinimumVisualStudioVersion = 10.0.40219.1
Project("{9A19103F-16F7-4668-BE54-9A1E7A4F7556}") = "2. Square With Maximum Sum", "2. Square With Maximum Sum\2. Square With Maximum Sum.csproj", "{33C04DB5-AA10-4D64-BBC3-69854919286F}"
EndProject
Project("{9A19103F-16F7-4668-BE54-9A1E7A4F7556}") = "3. Group Numbers", "3. Group Numbers\3. Group Numbers.csproj", "{FBA52000-58AC-42F3-B71A-43D1E55F241A}"
EndProject
Project("{9A19103F-16F7-4668-BE54-9A1E7A4F7556}") = "4. Pascal Triangle", "4. Pascal Triangle\4. Pascal Triangle.csproj", "{AD7BB70A-A99C-4B14-9B85-B40926EE0E74}"
EndProject
Project("{9A19103F-16F7-4668-BE54-9A1E7A4F7556}") = "1. Matrix of Palindromes", "1. Matrix of Palindromes\1. Matrix of Palindromes.csproj", "{51BD5D5F-42CB-4696-AB5E-85F5D789C697}"
EndProject
Project("{9A19103F-16F7-4668-BE54-9A1E7A4F7556}") = "2. Diagonal Difference", "2. Diagonal Difference\2. Diagonal Difference.csproj", "{CCC25735-D6A6-426D-8BAE-601F245E0AC5}"
EndProject
Project("{9A19103F-16F7-4668-BE54-9A1E7A4F7556}") = "3. Squares in Matrix", "3. Squares in Matrix\3. Squares in Matrix.csproj", "{7060DB74-29B1-4AE5-924B-EF83B67CC059}"
EndProject
Project("{9A19103F-16F7-4668-BE54-9A1E7A4F7556}") = "4. Maximal Sum", "4. Maximal Sum\4. Maximal Sum.csproj", "{5EA4727F-7F9E-4BA7-A124-3BFD07553D2A}"
EndProject
Project("{9A19103F-16F7-4668-BE54-9A1E7A4F7556}") = "5. Rubiks Matrix", "5. Rubiks Matrix\5. Rubiks Matrix.csproj", "{49F38B3B-BDD7-451E-A824-B11924ACFE86}"
EndProject
Project("{9A19103F-16F7-4668-BE54-9A1E7A4F7556}") = "6. Target Practice", "6. Target Practice\6. Target Practice.csproj", "{A5D1E829-6CDC-4837-941A-52C14DBD435E}"
EndProject
Project("{9A19103F-16F7-4668-BE54-9A1E7A4F7556}") = "7. Lego Blocks", "7. Lego Blocks\7. Lego Blocks.csproj", "{F571B428-FC0B-4271-A204-C4DA08AE2809}"
EndProject
Project("{9A19103F-16F7-4668-BE54-9A1E7A4F7556}") = "8. Radioactive Bunnies", "8. Radioactive Bunnies\8. Radioactive Bunnies.csproj", "{DB9F3D6A-06A8-49BB-9A4A-782FA5D76B2E}"
EndProject
Project("{9A19103F-16F7-4668-BE54-9A1E7A4F7556}") = "9. Crossfire", "9. Crossfire\9. Crossfire.csproj", "{52EBE8EE-D6B8-4C22-8CC2-5699CB89CB45}"
EndProject
Project("{9A19103F-16F7-4668-BE54-9A1E7A4F7556}") = "10. The Heigan Dance", "10. The Heigan Dance\10. The Heigan Dance.csproj", "{9503FF95-FD2D-4FE1-8FFC-AFAD2E6C5F6C}"
EndProject
Project("{9A19103F-16F7-4668-BE54-9A1E7A4F7556}") = "10. Heigan Dance v0", "10. Heigan Dance v0\10. Heigan Dance v0.csproj", "{131CF5D6-5428-4D05-A81D-A69DA0452535}"
EndProject
Project("{9A19103F-16F7-4668-BE54-9A1E7A4F7556}") = "11. Parking System", "11. Parking System\11. Parking System.csproj", "{EA1107CD-F793-421C-A421-CD43F1D11F6D}"
EndProject
Project("{9A19103F-16F7-4668-BE54-9A1E7A4F7556}") = "12. String Matrix Rotation", "12. String Matrix Rotation\12. String Matrix Rotation.csproj", "{F3F1A380-25DC-4576-AE1B-85E3953AF65D}"
EndProject
Global
	GlobalSection(SolutionConfigurationPlatforms) = preSolution
		Debug|Any CPU = Debug|Any CPU
		Release|Any CPU = Release|Any CPU
	EndGlobalSection
	GlobalSection(ProjectConfigurationPlatforms) = postSolution
		{33C04DB5-AA10-4D64-BBC3-69854919286F}.Debug|Any CPU.ActiveCfg = Debug|Any CPU
		{33C04DB5-AA10-4D64-BBC3-69854919286F}.Debug|Any CPU.Build.0 = Debug|Any CPU
		{33C04DB5-AA10-4D64-BBC3-69854919286F}.Release|Any CPU.ActiveCfg = Release|Any CPU
		{33C04DB5-AA10-4D64-BBC3-69854919286F}.Release|Any CPU.Build.0 = Release|Any CPU
		{FBA52000-58AC-42F3-B71A-43D1E55F241A}.Debug|Any CPU.ActiveCfg = Debug|Any CPU
		{FBA52000-58AC-42F3-B71A-43D1E55F241A}.Debug|Any CPU.Build.0 = Debug|Any CPU
		{FBA52000-58AC-42F3-B71A-43D1E55F241A}.Release|Any CPU.ActiveCfg = Release|Any CPU
		{FBA52000-58AC-42F3-B71A-43D1E55F241A}.Release|Any CPU.Build.0 = Release|Any CPU
		{AD7BB70A-A99C-4B14-9B85-B40926EE0E74}.Debug|Any CPU.ActiveCfg = Debug|Any CPU
		{AD7BB70A-A99C-4B14-9B85-B40926EE0E74}.Debug|Any CPU.Build.0 = Debug|Any CPU
		{AD7BB70A-A99C-4B14-9B85-B40926EE0E74}.Release|Any CPU.ActiveCfg = Release|Any CPU
		{AD7BB70A-A99C-4B14-9B85-B40926EE0E74}.Release|Any CPU.Build.0 = Release|Any CPU
		{51BD5D5F-42CB-4696-AB5E-85F5D789C697}.Debug|Any CPU.ActiveCfg = Debug|Any CPU
		{51BD5D5F-42CB-4696-AB5E-85F5D789C697}.Debug|Any CPU.Build.0 = Debug|Any CPU
		{51BD5D5F-42CB-4696-AB5E-85F5D789C697}.Release|Any CPU.ActiveCfg = Release|Any CPU
		{51BD5D5F-42CB-4696-AB5E-85F5D789C697}.Release|Any CPU.Build.0 = Release|Any CPU
		{CCC25735-D6A6-426D-8BAE-601F245E0AC5}.Debug|Any CPU.ActiveCfg = Debug|Any CPU
		{CCC25735-D6A6-426D-8BAE-601F245E0AC5}.Debug|Any CPU.Build.0 = Debug|Any CPU
		{CCC25735-D6A6-426D-8BAE-601F245E0AC5}.Release|Any CPU.ActiveCfg = Release|Any CPU
		{CCC25735-D6A6-426D-8BAE-601F245E0AC5}.Release|Any CPU.Build.0 = Release|Any CPU
		{7060DB74-29B1-4AE5-924B-EF83B67CC059}.Debug|Any CPU.ActiveCfg = Debug|Any CPU
		{7060DB74-29B1-4AE5-924B-EF83B67CC059}.Debug|Any CPU.Build.0 = Debug|Any CPU
		{7060DB74-29B1-4AE5-924B-EF83B67CC059}.Release|Any CPU.ActiveCfg = Release|Any CPU
		{7060DB74-29B1-4AE5-924B-EF83B67CC059}.Release|Any CPU.Build.0 = Release|Any CPU
		{5EA4727F-7F9E-4BA7-A124-3BFD07553D2A}.Debug|Any CPU.ActiveCfg = Debug|Any CPU
		{5EA4727F-7F9E-4BA7-A124-3BFD07553D2A}.Debug|Any CPU.Build.0 = Debug|Any CPU
		{5EA4727F-7F9E-4BA7-A124-3BFD07553D2A}.Release|Any CPU.ActiveCfg = Release|Any CPU
		{5EA4727F-7F9E-4BA7-A124-3BFD07553D2A}.Release|Any CPU.Build.0 = Release|Any CPU
		{49F38B3B-BDD7-451E-A824-B11924ACFE86}.Debug|Any CPU.ActiveCfg = Debug|Any CPU
		{49F38B3B-BDD7-451E-A824-B11924ACFE86}.Debug|Any CPU.Build.0 = Debug|Any CPU
		{49F38B3B-BDD7-451E-A824-B11924ACFE86}.Release|Any CPU.ActiveCfg = Release|Any CPU
		{49F38B3B-BDD7-451E-A824-B11924ACFE86}.Release|Any CPU.Build.0 = Release|Any CPU
		{A5D1E829-6CDC-4837-941A-52C14DBD435E}.Debug|Any CPU.ActiveCfg = Debug|Any CPU
		{A5D1E829-6CDC-4837-941A-52C14DBD435E}.Debug|Any CPU.Build.0 = Debug|Any CPU
		{A5D1E829-6CDC-4837-941A-52C14DBD435E}.Release|Any CPU.ActiveCfg = Release|Any CPU
		{A5D1E829-6CDC-4837-941A-52C14DBD435E}.Release|Any CPU.Build.0 = Release|Any CPU
		{F571B428-FC0B-4271-A204-C4DA08AE2809}.Debug|Any CPU.ActiveCfg = Debug|Any CPU
		{F571B428-FC0B-4271-A204-C4DA08AE2809}.Debug|Any CPU.Build.0 = Debug|Any CPU
		{F571B428-FC0B-4271-A204-C4DA08AE2809}.Release|Any CPU.ActiveCfg = Release|Any CPU
		{F571B428-FC0B-4271-A204-C4DA08AE2809}.Release|Any CPU.Build.0 = Release|Any CPU
		{DB9F3D6A-06A8-49BB-9A4A-782FA5D76B2E}.Debug|Any CPU.ActiveCfg = Debug|Any CPU
		{DB9F3D6A-06A8-49BB-9A4A-782FA5D76B2E}.Debug|Any CPU.Build.0 = Debug|Any CPU
		{DB9F3D6A-06A8-49BB-9A4A-782FA5D76B2E}.Release|Any CPU.ActiveCfg = Release|Any CPU
		{DB9F3D6A-06A8-49BB-9A4A-782FA5D76B2E}.Release|Any CPU.Build.0 = Release|Any CPU
		{52EBE8EE-D6B8-4C22-8CC2-5699CB89CB45}.Debug|Any CPU.ActiveCfg = Debug|Any CPU
		{52EBE8EE-D6B8-4C22-8CC2-5699CB89CB45}.Debug|Any CPU.Build.0 = Debug|Any CPU
		{52EBE8EE-D6B8-4C22-8CC2-5699CB89CB45}.Release|Any CPU.ActiveCfg = Release|Any CPU
		{52EBE8EE-D6B8-4C22-8CC2-5699CB89CB45}.Release|Any CPU.Build.0 = Release|Any CPU
		{9503FF95-FD2D-4FE1-8FFC-AFAD2E6C5F6C}.Debug|Any CPU.ActiveCfg = Debug|Any CPU
		{9503FF95-FD2D-4FE1-8FFC-AFAD2E6C5F6C}.Debug|Any CPU.Build.0 = Debug|Any CPU
		{9503FF95-FD2D-4FE1-8FFC-AFAD2E6C5F6C}.Release|Any CPU.ActiveCfg = Release|Any CPU
		{9503FF95-FD2D-4FE1-8FFC-AFAD2E6C5F6C}.Release|Any CPU.Build.0 = Release|Any CPU
		{131CF5D6-5428-4D05-A81D-A69DA0452535}.Debug|Any CPU.ActiveCfg = Debug|Any CPU
		{131CF5D6-5428-4D05-A81D-A69DA0452535}.Debug|Any CPU.Build.0 = Debug|Any CPU
		{131CF5D6-5428-4D05-A81D-A69DA0452535}.Release|Any CPU.ActiveCfg = Release|Any CPU
		{131CF5D6-5428-4D05-A81D-A69DA0452535}.Release|Any CPU.Build.0 = Release|Any CPU
		{EA1107CD-F793-421C-A421-CD43F1D11F6D}.Debug|Any CPU.ActiveCfg = Debug|Any CPU
		{EA1107CD-F793-421C-A421-CD43F1D11F6D}.Debug|Any CPU.Build.0 = Debug|Any CPU
		{EA1107CD-F793-421C-A421-CD43F1D11F6D}.Release|Any CPU.ActiveCfg = Release|Any CPU
		{EA1107CD-F793-421C-A421-CD43F1D11F6D}.Release|Any CPU.Build.0 = Release|Any CPU
		{F3F1A380-25DC-4576-AE1B-85E3953AF65D}.Debug|Any CPU.ActiveCfg = Debug|Any CPU
		{F3F1A380-25DC-4576-AE1B-85E3953AF65D}.Debug|Any CPU.Build.0 = Debug|Any CPU
		{F3F1A380-25DC-4576-AE1B-85E3953AF65D}.Release|Any CPU.ActiveCfg = Release|Any CPU
		{F3F1A380-25DC-4576-AE1B-85E3953AF65D}.Release|Any CPU.Build.0 = Release|Any CPU
	EndGlobalSection
	GlobalSection(SolutionProperties) = preSolution
		HideSolutionNode = FALSE
	EndGlobalSection
	GlobalSection(ExtensibilityGlobals) = postSolution
		SolutionGuid = {E3A35C39-865C-47F2-952F-D1E7B33AF698}
	EndGlobalSection
EndGlobal
