
Microsoft Visual Studio Solution File, Format Version 12.00
# Visual Studio 15
VisualStudioVersion = 15.0.28307.136
MinimumVisualStudioVersion = 10.0.40219.1
Project("{9A19103F-16F7-4668-BE54-9A1E7A4F7556}") = "01.EventImplementation", "01.EventImplementation\01.EventImplementation.csproj", "{D8F07590-53A5-4FCF-BC67-9163D085E970}"
EndProject
Project("{9A19103F-16F7-4668-BE54-9A1E7A4F7556}") = "02.KingsGambit", "02.KingsGambit\02.KingsGambit.csproj", "{4C42727B-F577-4599-9E09-C481BD45A9F9}"
EndProject
Project("{FAE04EC0-301F-11D3-BF4B-00C04F79EFBC}") = "03.DependencyInversion", "03.DependencyInversion\03.DependencyInversion.csproj", "{9C61014C-9304-4A15-9063-7472DE5791F2}"
EndProject
Project("{FAE04EC0-301F-11D3-BF4B-00C04F79EFBC}") = "04.WorkForce", "04.WorkForce\04.WorkForce.csproj", "{3162D249-BA8E-4BEC-B680-BBE07BD1004F}"
EndProject
Project("{FAE04EC0-301F-11D3-BF4B-00C04F79EFBC}") = "05.KingsGambitExtended", "05.KingsGambitExtended\05.KingsGambitExtended.csproj", "{ACFB8E95-8632-4447-8503-11477F48540E}"
EndProject
Global
	GlobalSection(SolutionConfigurationPlatforms) = preSolution
		Debug|Any CPU = Debug|Any CPU
		Release|Any CPU = Release|Any CPU
	EndGlobalSection
	GlobalSection(ProjectConfigurationPlatforms) = postSolution
		{D8F07590-53A5-4FCF-BC67-9163D085E970}.Debug|Any CPU.ActiveCfg = Debug|Any CPU
		{D8F07590-53A5-4FCF-BC67-9163D085E970}.Debug|Any CPU.Build.0 = Debug|Any CPU
		{D8F07590-53A5-4FCF-BC67-9163D085E970}.Release|Any CPU.ActiveCfg = Release|Any CPU
		{D8F07590-53A5-4FCF-BC67-9163D085E970}.Release|Any CPU.Build.0 = Release|Any CPU
		{4C42727B-F577-4599-9E09-C481BD45A9F9}.Debug|Any CPU.ActiveCfg = Debug|Any CPU
		{4C42727B-F577-4599-9E09-C481BD45A9F9}.Debug|Any CPU.Build.0 = Debug|Any CPU
		{4C42727B-F577-4599-9E09-C481BD45A9F9}.Release|Any CPU.ActiveCfg = Release|Any CPU
		{4C42727B-F577-4599-9E09-C481BD45A9F9}.Release|Any CPU.Build.0 = Release|Any CPU
		{9C61014C-9304-4A15-9063-7472DE5791F2}.Debug|Any CPU.ActiveCfg = Debug|Any CPU
		{9C61014C-9304-4A15-9063-7472DE5791F2}.Debug|Any CPU.Build.0 = Debug|Any CPU
		{9C61014C-9304-4A15-9063-7472DE5791F2}.Release|Any CPU.ActiveCfg = Release|Any CPU
		{9C61014C-9304-4A15-9063-7472DE5791F2}.Release|Any CPU.Build.0 = Release|Any CPU
		{3162D249-BA8E-4BEC-B680-BBE07BD1004F}.Debug|Any CPU.ActiveCfg = Debug|Any CPU
		{3162D249-BA8E-4BEC-B680-BBE07BD1004F}.Debug|Any CPU.Build.0 = Debug|Any CPU
		{3162D249-BA8E-4BEC-B680-BBE07BD1004F}.Release|Any CPU.ActiveCfg = Release|Any CPU
		{3162D249-BA8E-4BEC-B680-BBE07BD1004F}.Release|Any CPU.Build.0 = Release|Any CPU
		{ACFB8E95-8632-4447-8503-11477F48540E}.Debug|Any CPU.ActiveCfg = Debug|Any CPU
		{ACFB8E95-8632-4447-8503-11477F48540E}.Debug|Any CPU.Build.0 = Debug|Any CPU
		{ACFB8E95-8632-4447-8503-11477F48540E}.Release|Any CPU.ActiveCfg = Release|Any CPU
		{ACFB8E95-8632-4447-8503-11477F48540E}.Release|Any CPU.Build.0 = Release|Any CPU
	EndGlobalSection
	GlobalSection(SolutionProperties) = preSolution
		HideSolutionNode = FALSE
	EndGlobalSection
	GlobalSection(ExtensibilityGlobals) = postSolution
		SolutionGuid = {F46FCCCD-73EC-46C8-99DE-AAB86F4F00F8}
	EndGlobalSection
EndGlobal
