
Microsoft Visual Studio Solution File, Format Version 12.00
# Visual Studio 15
VisualStudioVersion = 15.0.28010.2003
MinimumVisualStudioVersion = 10.0.40219.1
Project("{FAE04EC0-301F-11D3-BF4B-00C04F79EFBC}") = "Avatar", "Avatar\Avatar.csproj", "{30EF70CE-D6AA-4997-B66D-918AAD49EB6E}"
EndProject
Global
	GlobalSection(SolutionConfigurationPlatforms) = preSolution
		Debug|Any CPU = Debug|Any CPU
		Release|Any CPU = Release|Any CPU
	EndGlobalSection
	GlobalSection(ProjectConfigurationPlatforms) = postSolution
		{30EF70CE-D6AA-4997-B66D-918AAD49EB6E}.Debug|Any CPU.ActiveCfg = Debug|Any CPU
		{30EF70CE-D6AA-4997-B66D-918AAD49EB6E}.Debug|Any CPU.Build.0 = Debug|Any CPU
		{30EF70CE-D6AA-4997-B66D-918AAD49EB6E}.Release|Any CPU.ActiveCfg = Release|Any CPU
		{30EF70CE-D6AA-4997-B66D-918AAD49EB6E}.Release|Any CPU.Build.0 = Release|Any CPU
	EndGlobalSection
	GlobalSection(SolutionProperties) = preSolution
		HideSolutionNode = FALSE
	EndGlobalSection
	GlobalSection(ExtensibilityGlobals) = postSolution
		SolutionGuid = {A682AF58-231E-4BA5-864E-8DBE10D98F9B}
	EndGlobalSection
EndGlobal
