
Microsoft Visual Studio Solution File, Format Version 12.00
# Visual Studio 15
VisualStudioVersion = 15.0.28307.438
MinimumVisualStudioVersion = 10.0.40219.1
Project("{FAE04EC0-301F-11D3-BF4B-00C04F79EFBC}") = "BillsPaymentSystem.App", "BillsPaymentSystem.App\BillsPaymentSystem.App.csproj", "{D67E4969-1F06-4776-94AC-9348E17BE5DA}"
EndProject
Project("{FAE04EC0-301F-11D3-BF4B-00C04F79EFBC}") = "BillsPaymentSystem.Data", "BillsPaymentSystem.Data\BillsPaymentSystem.Data.csproj", "{697DDD16-48C1-4D11-9D56-99C6C5332007}"
EndProject
Project("{FAE04EC0-301F-11D3-BF4B-00C04F79EFBC}") = "BillsPaymentSystem.Models", "BillsPaymentSystem.Models\BillsPaymentSystem.Models.csproj", "{83EDCB58-07A0-414D-875A-FAD6C2515486}"
EndProject
Global
	GlobalSection(SolutionConfigurationPlatforms) = preSolution
		Debug|Any CPU = Debug|Any CPU
		Release|Any CPU = Release|Any CPU
	EndGlobalSection
	GlobalSection(ProjectConfigurationPlatforms) = postSolution
		{D67E4969-1F06-4776-94AC-9348E17BE5DA}.Debug|Any CPU.ActiveCfg = Debug|Any CPU
		{D67E4969-1F06-4776-94AC-9348E17BE5DA}.Debug|Any CPU.Build.0 = Debug|Any CPU
		{D67E4969-1F06-4776-94AC-9348E17BE5DA}.Release|Any CPU.ActiveCfg = Release|Any CPU
		{D67E4969-1F06-4776-94AC-9348E17BE5DA}.Release|Any CPU.Build.0 = Release|Any CPU
		{697DDD16-48C1-4D11-9D56-99C6C5332007}.Debug|Any CPU.ActiveCfg = Debug|Any CPU
		{697DDD16-48C1-4D11-9D56-99C6C5332007}.Debug|Any CPU.Build.0 = Debug|Any CPU
		{697DDD16-48C1-4D11-9D56-99C6C5332007}.Release|Any CPU.ActiveCfg = Release|Any CPU
		{697DDD16-48C1-4D11-9D56-99C6C5332007}.Release|Any CPU.Build.0 = Release|Any CPU
		{83EDCB58-07A0-414D-875A-FAD6C2515486}.Debug|Any CPU.ActiveCfg = Debug|Any CPU
		{83EDCB58-07A0-414D-875A-FAD6C2515486}.Debug|Any CPU.Build.0 = Debug|Any CPU
		{83EDCB58-07A0-414D-875A-FAD6C2515486}.Release|Any CPU.ActiveCfg = Release|Any CPU
		{83EDCB58-07A0-414D-875A-FAD6C2515486}.Release|Any CPU.Build.0 = Release|Any CPU
	EndGlobalSection
	GlobalSection(SolutionProperties) = preSolution
		HideSolutionNode = FALSE
	EndGlobalSection
	GlobalSection(ExtensibilityGlobals) = postSolution
		SolutionGuid = {E1BBC2CF-463C-4FF5-988D-BBDE23A9F897}
	EndGlobalSection
EndGlobal
